
Microsoft Visual Studio Solution File, Format Version 12.00
# Visual Studio 14
VisualStudioVersion = 14.0.25420.1
MinimumVisualStudioVersion = 10.0.40219.1
Project("{FAE04EC0-301F-11D3-BF4B-00C04F79EFBC}") = "Pigeon", "Pigeon\Pigeon\Pigeon.csproj", "{75813F42-82E6-4C2C-9F74-A09D4D3232BF}"
EndProject
Project("{FAE04EC0-301F-11D3-BF4B-00C04F79EFBC}") = "Pigeon.Droid", "Pigeon\Pigeon.Droid\Pigeon.Droid.csproj", "{877E73FC-061D-4C7C-8662-ECE4FA961F2A}"
EndProject
Project("{FAE04EC0-301F-11D3-BF4B-00C04F79EFBC}") = "Pigeon.iOS", "Pigeon\Pigeon.iOS\Pigeon.iOS.csproj", "{6947A705-D0DB-4DE5-B139-6A92451EB21F}"
EndProject
Project("{FAE04EC0-301F-11D3-BF4B-00C04F79EFBC}") = "Pigeon.Services", "Pigeon.Services\Pigeon.Services.csproj", "{42C24D9F-ACDC-4F85-9DFD-03F6AFEA1EDC}"
EndProject
Project("{FAE04EC0-301F-11D3-BF4B-00C04F79EFBC}") = "Pigeon.LocalDataAccess", "Pigeon.LocalDataAccess\Pigeon.LocalDataAccess.csproj", "{67F9D3A8-F71E-4428-913F-C37AE82CDB24}"
EndProject
Global
	GlobalSection(SolutionConfigurationPlatforms) = preSolution
		Ad-Hoc|Any CPU = Ad-Hoc|Any CPU
		Ad-Hoc|ARM = Ad-Hoc|ARM
		Ad-Hoc|iPhone = Ad-Hoc|iPhone
		Ad-Hoc|iPhoneSimulator = Ad-Hoc|iPhoneSimulator
		Ad-Hoc|x64 = Ad-Hoc|x64
		Ad-Hoc|x86 = Ad-Hoc|x86
		AppStore|Any CPU = AppStore|Any CPU
		AppStore|ARM = AppStore|ARM
		AppStore|iPhone = AppStore|iPhone
		AppStore|iPhoneSimulator = AppStore|iPhoneSimulator
		AppStore|x64 = AppStore|x64
		AppStore|x86 = AppStore|x86
		Debug|Any CPU = Debug|Any CPU
		Debug|ARM = Debug|ARM
		Debug|iPhone = Debug|iPhone
		Debug|iPhoneSimulator = Debug|iPhoneSimulator
		Debug|x64 = Debug|x64
		Debug|x86 = Debug|x86
		Release|Any CPU = Release|Any CPU
		Release|ARM = Release|ARM
		Release|iPhone = Release|iPhone
		Release|iPhoneSimulator = Release|iPhoneSimulator
		Release|x64 = Release|x64
		Release|x86 = Release|x86
	EndGlobalSection
	GlobalSection(ProjectConfigurationPlatforms) = postSolution
		{75813F42-82E6-4C2C-9F74-A09D4D3232BF}.Ad-Hoc|Any CPU.ActiveCfg = Release|Any CPU
		{75813F42-82E6-4C2C-9F74-A09D4D3232BF}.Ad-Hoc|Any CPU.Build.0 = Release|Any CPU
		{75813F42-82E6-4C2C-9F74-A09D4D3232BF}.Ad-Hoc|ARM.ActiveCfg = Release|Any CPU
		{75813F42-82E6-4C2C-9F74-A09D4D3232BF}.Ad-Hoc|ARM.Build.0 = Release|Any CPU
		{75813F42-82E6-4C2C-9F74-A09D4D3232BF}.Ad-Hoc|iPhone.ActiveCfg = Release|Any CPU
		{75813F42-82E6-4C2C-9F74-A09D4D3232BF}.Ad-Hoc|iPhone.Build.0 = Release|Any CPU
		{75813F42-82E6-4C2C-9F74-A09D4D3232BF}.Ad-Hoc|iPhoneSimulator.ActiveCfg = Release|Any CPU
		{75813F42-82E6-4C2C-9F74-A09D4D3232BF}.Ad-Hoc|iPhoneSimulator.Build.0 = Release|Any CPU
		{75813F42-82E6-4C2C-9F74-A09D4D3232BF}.Ad-Hoc|x64.ActiveCfg = Release|Any CPU
		{75813F42-82E6-4C2C-9F74-A09D4D3232BF}.Ad-Hoc|x64.Build.0 = Release|Any CPU
		{75813F42-82E6-4C2C-9F74-A09D4D3232BF}.Ad-Hoc|x86.ActiveCfg = Release|Any CPU
		{75813F42-82E6-4C2C-9F74-A09D4D3232BF}.Ad-Hoc|x86.Build.0 = Release|Any CPU
		{75813F42-82E6-4C2C-9F74-A09D4D3232BF}.AppStore|Any CPU.ActiveCfg = Release|Any CPU
		{75813F42-82E6-4C2C-9F74-A09D4D3232BF}.AppStore|Any CPU.Build.0 = Release|Any CPU
		{75813F42-82E6-4C2C-9F74-A09D4D3232BF}.AppStore|ARM.ActiveCfg = Release|Any CPU
		{75813F42-82E6-4C2C-9F74-A09D4D3232BF}.AppStore|ARM.Build.0 = Release|Any CPU
		{75813F42-82E6-4C2C-9F74-A09D4D3232BF}.AppStore|iPhone.ActiveCfg = Release|Any CPU
		{75813F42-82E6-4C2C-9F74-A09D4D3232BF}.AppStore|iPhone.Build.0 = Release|Any CPU
		{75813F42-82E6-4C2C-9F74-A09D4D3232BF}.AppStore|iPhoneSimulator.ActiveCfg = Release|Any CPU
		{75813F42-82E6-4C2C-9F74-A09D4D3232BF}.AppStore|iPhoneSimulator.Build.0 = Release|Any CPU
		{75813F42-82E6-4C2C-9F74-A09D4D3232BF}.AppStore|x64.ActiveCfg = Release|Any CPU
		{75813F42-82E6-4C2C-9F74-A09D4D3232BF}.AppStore|x64.Build.0 = Release|Any CPU
		{75813F42-82E6-4C2C-9F74-A09D4D3232BF}.AppStore|x86.ActiveCfg = Release|Any CPU
		{75813F42-82E6-4C2C-9F74-A09D4D3232BF}.AppStore|x86.Build.0 = Release|Any CPU
		{75813F42-82E6-4C2C-9F74-A09D4D3232BF}.Debug|Any CPU.ActiveCfg = Debug|Any CPU
		{75813F42-82E6-4C2C-9F74-A09D4D3232BF}.Debug|Any CPU.Build.0 = Debug|Any CPU
		{75813F42-82E6-4C2C-9F74-A09D4D3232BF}.Debug|ARM.ActiveCfg = Debug|Any CPU
		{75813F42-82E6-4C2C-9F74-A09D4D3232BF}.Debug|ARM.Build.0 = Debug|Any CPU
		{75813F42-82E6-4C2C-9F74-A09D4D3232BF}.Debug|iPhone.ActiveCfg = Debug|Any CPU
		{75813F42-82E6-4C2C-9F74-A09D4D3232BF}.Debug|iPhone.Build.0 = Debug|Any CPU
		{75813F42-82E6-4C2C-9F74-A09D4D3232BF}.Debug|iPhoneSimulator.ActiveCfg = Debug|Any CPU
		{75813F42-82E6-4C2C-9F74-A09D4D3232BF}.Debug|iPhoneSimulator.Build.0 = Debug|Any CPU
		{75813F42-82E6-4C2C-9F74-A09D4D3232BF}.Debug|x64.ActiveCfg = Debug|Any CPU
		{75813F42-82E6-4C2C-9F74-A09D4D3232BF}.Debug|x64.Build.0 = Debug|Any CPU
		{75813F42-82E6-4C2C-9F74-A09D4D3232BF}.Debug|x86.ActiveCfg = Debug|Any CPU
		{75813F42-82E6-4C2C-9F74-A09D4D3232BF}.Debug|x86.Build.0 = Debug|Any CPU
		{75813F42-82E6-4C2C-9F74-A09D4D3232BF}.Release|Any CPU.ActiveCfg = Release|Any CPU
		{75813F42-82E6-4C2C-9F74-A09D4D3232BF}.Release|Any CPU.Build.0 = Release|Any CPU
		{75813F42-82E6-4C2C-9F74-A09D4D3232BF}.Release|ARM.ActiveCfg = Release|Any CPU
		{75813F42-82E6-4C2C-9F74-A09D4D3232BF}.Release|ARM.Build.0 = Release|Any CPU
		{75813F42-82E6-4C2C-9F74-A09D4D3232BF}.Release|iPhone.ActiveCfg = Release|Any CPU
		{75813F42-82E6-4C2C-9F74-A09D4D3232BF}.Release|iPhone.Build.0 = Release|Any CPU
		{75813F42-82E6-4C2C-9F74-A09D4D3232BF}.Release|iPhoneSimulator.ActiveCfg = Release|Any CPU
		{75813F42-82E6-4C2C-9F74-A09D4D3232BF}.Release|iPhoneSimulator.Build.0 = Release|Any CPU
		{75813F42-82E6-4C2C-9F74-A09D4D3232BF}.Release|x64.ActiveCfg = Release|Any CPU
		{75813F42-82E6-4C2C-9F74-A09D4D3232BF}.Release|x64.Build.0 = Release|Any CPU
		{75813F42-82E6-4C2C-9F74-A09D4D3232BF}.Release|x86.ActiveCfg = Release|Any CPU
		{75813F42-82E6-4C2C-9F74-A09D4D3232BF}.Release|x86.Build.0 = Release|Any CPU
		{877E73FC-061D-4C7C-8662-ECE4FA961F2A}.Ad-Hoc|Any CPU.ActiveCfg = Release|Any CPU
		{877E73FC-061D-4C7C-8662-ECE4FA961F2A}.Ad-Hoc|Any CPU.Build.0 = Release|Any CPU
		{877E73FC-061D-4C7C-8662-ECE4FA961F2A}.Ad-Hoc|Any CPU.Deploy.0 = Release|Any CPU
		{877E73FC-061D-4C7C-8662-ECE4FA961F2A}.Ad-Hoc|ARM.ActiveCfg = Release|Any CPU
		{877E73FC-061D-4C7C-8662-ECE4FA961F2A}.Ad-Hoc|ARM.Build.0 = Release|Any CPU
		{877E73FC-061D-4C7C-8662-ECE4FA961F2A}.Ad-Hoc|ARM.Deploy.0 = Release|Any CPU
		{877E73FC-061D-4C7C-8662-ECE4FA961F2A}.Ad-Hoc|iPhone.ActiveCfg = Release|Any CPU
		{877E73FC-061D-4C7C-8662-ECE4FA961F2A}.Ad-Hoc|iPhone.Build.0 = Release|Any CPU
		{877E73FC-061D-4C7C-8662-ECE4FA961F2A}.Ad-Hoc|iPhone.Deploy.0 = Release|Any CPU
		{877E73FC-061D-4C7C-8662-ECE4FA961F2A}.Ad-Hoc|iPhoneSimulator.ActiveCfg = Release|Any CPU
		{877E73FC-061D-4C7C-8662-ECE4FA961F2A}.Ad-Hoc|iPhoneSimulator.Build.0 = Release|Any CPU
		{877E73FC-061D-4C7C-8662-ECE4FA961F2A}.Ad-Hoc|iPhoneSimulator.Deploy.0 = Release|Any CPU
		{877E73FC-061D-4C7C-8662-ECE4FA961F2A}.Ad-Hoc|x64.ActiveCfg = Release|Any CPU
		{877E73FC-061D-4C7C-8662-ECE4FA961F2A}.Ad-Hoc|x64.Build.0 = Release|Any CPU
		{877E73FC-061D-4C7C-8662-ECE4FA961F2A}.Ad-Hoc|x64.Deploy.0 = Release|Any CPU
		{877E73FC-061D-4C7C-8662-ECE4FA961F2A}.Ad-Hoc|x86.ActiveCfg = Release|Any CPU
		{877E73FC-061D-4C7C-8662-ECE4FA961F2A}.Ad-Hoc|x86.Build.0 = Release|Any CPU
		{877E73FC-061D-4C7C-8662-ECE4FA961F2A}.Ad-Hoc|x86.Deploy.0 = Release|Any CPU
		{877E73FC-061D-4C7C-8662-ECE4FA961F2A}.AppStore|Any CPU.ActiveCfg = Release|Any CPU
		{877E73FC-061D-4C7C-8662-ECE4FA961F2A}.AppStore|Any CPU.Build.0 = Release|Any CPU
		{877E73FC-061D-4C7C-8662-ECE4FA961F2A}.AppStore|Any CPU.Deploy.0 = Release|Any CPU
		{877E73FC-061D-4C7C-8662-ECE4FA961F2A}.AppStore|ARM.ActiveCfg = Release|Any CPU
		{877E73FC-061D-4C7C-8662-ECE4FA961F2A}.AppStore|ARM.Build.0 = Release|Any CPU
		{877E73FC-061D-4C7C-8662-ECE4FA961F2A}.AppStore|ARM.Deploy.0 = Release|Any CPU
		{877E73FC-061D-4C7C-8662-ECE4FA961F2A}.AppStore|iPhone.ActiveCfg = Release|Any CPU
		{877E73FC-061D-4C7C-8662-ECE4FA961F2A}.AppStore|iPhone.Build.0 = Release|Any CPU
		{877E73FC-061D-4C7C-8662-ECE4FA961F2A}.AppStore|iPhone.Deploy.0 = Release|Any CPU
		{877E73FC-061D-4C7C-8662-ECE4FA961F2A}.AppStore|iPhoneSimulator.ActiveCfg = Release|Any CPU
		{877E73FC-061D-4C7C-8662-ECE4FA961F2A}.AppStore|iPhoneSimulator.Build.0 = Release|Any CPU
		{877E73FC-061D-4C7C-8662-ECE4FA961F2A}.AppStore|iPhoneSimulator.Deploy.0 = Release|Any CPU
		{877E73FC-061D-4C7C-8662-ECE4FA961F2A}.AppStore|x64.ActiveCfg = Release|Any CPU
		{877E73FC-061D-4C7C-8662-ECE4FA961F2A}.AppStore|x64.Build.0 = Release|Any CPU
		{877E73FC-061D-4C7C-8662-ECE4FA961F2A}.AppStore|x64.Deploy.0 = Release|Any CPU
		{877E73FC-061D-4C7C-8662-ECE4FA961F2A}.AppStore|x86.ActiveCfg = Release|Any CPU
		{877E73FC-061D-4C7C-8662-ECE4FA961F2A}.AppStore|x86.Build.0 = Release|Any CPU
		{877E73FC-061D-4C7C-8662-ECE4FA961F2A}.AppStore|x86.Deploy.0 = Release|Any CPU
		{877E73FC-061D-4C7C-8662-ECE4FA961F2A}.Debug|Any CPU.ActiveCfg = Debug|Any CPU
		{877E73FC-061D-4C7C-8662-ECE4FA961F2A}.Debug|Any CPU.Build.0 = Debug|Any CPU
		{877E73FC-061D-4C7C-8662-ECE4FA961F2A}.Debug|Any CPU.Deploy.0 = Debug|Any CPU
		{877E73FC-061D-4C7C-8662-ECE4FA961F2A}.Debug|ARM.ActiveCfg = Debug|Any CPU
		{877E73FC-061D-4C7C-8662-ECE4FA961F2A}.Debug|ARM.Build.0 = Debug|Any CPU
		{877E73FC-061D-4C7C-8662-ECE4FA961F2A}.Debug|ARM.Deploy.0 = Debug|Any CPU
		{877E73FC-061D-4C7C-8662-ECE4FA961F2A}.Debug|iPhone.ActiveCfg = Debug|Any CPU
		{877E73FC-061D-4C7C-8662-ECE4FA961F2A}.Debug|iPhone.Build.0 = Debug|Any CPU
		{877E73FC-061D-4C7C-8662-ECE4FA961F2A}.Debug|iPhone.Deploy.0 = Debug|Any CPU
		{877E73FC-061D-4C7C-8662-ECE4FA961F2A}.Debug|iPhoneSimulator.ActiveCfg = Debug|Any CPU
		{877E73FC-061D-4C7C-8662-ECE4FA961F2A}.Debug|iPhoneSimulator.Build.0 = Debug|Any CPU
		{877E73FC-061D-4C7C-8662-ECE4FA961F2A}.Debug|iPhoneSimulator.Deploy.0 = Debug|Any CPU
		{877E73FC-061D-4C7C-8662-ECE4FA961F2A}.Debug|x64.ActiveCfg = Debug|Any CPU
		{877E73FC-061D-4C7C-8662-ECE4FA961F2A}.Debug|x64.Build.0 = Debug|Any CPU
		{877E73FC-061D-4C7C-8662-ECE4FA961F2A}.Debug|x64.Deploy.0 = Debug|Any CPU
		{877E73FC-061D-4C7C-8662-ECE4FA961F2A}.Debug|x86.ActiveCfg = Debug|Any CPU
		{877E73FC-061D-4C7C-8662-ECE4FA961F2A}.Debug|x86.Build.0 = Debug|Any CPU
		{877E73FC-061D-4C7C-8662-ECE4FA961F2A}.Debug|x86.Deploy.0 = Debug|Any CPU
		{877E73FC-061D-4C7C-8662-ECE4FA961F2A}.Release|Any CPU.ActiveCfg = Release|Any CPU
		{877E73FC-061D-4C7C-8662-ECE4FA961F2A}.Release|Any CPU.Build.0 = Release|Any CPU
		{877E73FC-061D-4C7C-8662-ECE4FA961F2A}.Release|Any CPU.Deploy.0 = Release|Any CPU
		{877E73FC-061D-4C7C-8662-ECE4FA961F2A}.Release|ARM.ActiveCfg = Release|Any CPU
		{877E73FC-061D-4C7C-8662-ECE4FA961F2A}.Release|ARM.Build.0 = Release|Any CPU
		{877E73FC-061D-4C7C-8662-ECE4FA961F2A}.Release|ARM.Deploy.0 = Release|Any CPU
		{877E73FC-061D-4C7C-8662-ECE4FA961F2A}.Release|iPhone.ActiveCfg = Release|Any CPU
		{877E73FC-061D-4C7C-8662-ECE4FA961F2A}.Release|iPhone.Build.0 = Release|Any CPU
		{877E73FC-061D-4C7C-8662-ECE4FA961F2A}.Release|iPhone.Deploy.0 = Release|Any CPU
		{877E73FC-061D-4C7C-8662-ECE4FA961F2A}.Release|iPhoneSimulator.ActiveCfg = Release|Any CPU
		{877E73FC-061D-4C7C-8662-ECE4FA961F2A}.Release|iPhoneSimulator.Build.0 = Release|Any CPU
		{877E73FC-061D-4C7C-8662-ECE4FA961F2A}.Release|iPhoneSimulator.Deploy.0 = Release|Any CPU
		{877E73FC-061D-4C7C-8662-ECE4FA961F2A}.Release|x64.ActiveCfg = Release|Any CPU
		{877E73FC-061D-4C7C-8662-ECE4FA961F2A}.Release|x64.Build.0 = Release|Any CPU
		{877E73FC-061D-4C7C-8662-ECE4FA961F2A}.Release|x64.Deploy.0 = Release|Any CPU
		{877E73FC-061D-4C7C-8662-ECE4FA961F2A}.Release|x86.ActiveCfg = Release|Any CPU
		{877E73FC-061D-4C7C-8662-ECE4FA961F2A}.Release|x86.Build.0 = Release|Any CPU
		{877E73FC-061D-4C7C-8662-ECE4FA961F2A}.Release|x86.Deploy.0 = Release|Any CPU
		{6947A705-D0DB-4DE5-B139-6A92451EB21F}.Ad-Hoc|Any CPU.ActiveCfg = Ad-Hoc|iPhone
		{6947A705-D0DB-4DE5-B139-6A92451EB21F}.Ad-Hoc|ARM.ActiveCfg = Ad-Hoc|iPhone
		{6947A705-D0DB-4DE5-B139-6A92451EB21F}.Ad-Hoc|iPhone.ActiveCfg = Ad-Hoc|iPhone
		{6947A705-D0DB-4DE5-B139-6A92451EB21F}.Ad-Hoc|iPhone.Build.0 = Ad-Hoc|iPhone
		{6947A705-D0DB-4DE5-B139-6A92451EB21F}.Ad-Hoc|iPhoneSimulator.ActiveCfg = Ad-Hoc|iPhoneSimulator
		{6947A705-D0DB-4DE5-B139-6A92451EB21F}.Ad-Hoc|iPhoneSimulator.Build.0 = Ad-Hoc|iPhoneSimulator
		{6947A705-D0DB-4DE5-B139-6A92451EB21F}.Ad-Hoc|x64.ActiveCfg = Ad-Hoc|iPhone
		{6947A705-D0DB-4DE5-B139-6A92451EB21F}.Ad-Hoc|x86.ActiveCfg = Ad-Hoc|iPhone
		{6947A705-D0DB-4DE5-B139-6A92451EB21F}.AppStore|Any CPU.ActiveCfg = AppStore|iPhone
		{6947A705-D0DB-4DE5-B139-6A92451EB21F}.AppStore|ARM.ActiveCfg = AppStore|iPhone
		{6947A705-D0DB-4DE5-B139-6A92451EB21F}.AppStore|iPhone.ActiveCfg = AppStore|iPhone
		{6947A705-D0DB-4DE5-B139-6A92451EB21F}.AppStore|iPhone.Build.0 = AppStore|iPhone
		{6947A705-D0DB-4DE5-B139-6A92451EB21F}.AppStore|iPhoneSimulator.ActiveCfg = AppStore|iPhoneSimulator
		{6947A705-D0DB-4DE5-B139-6A92451EB21F}.AppStore|iPhoneSimulator.Build.0 = AppStore|iPhoneSimulator
		{6947A705-D0DB-4DE5-B139-6A92451EB21F}.AppStore|x64.ActiveCfg = AppStore|iPhone
		{6947A705-D0DB-4DE5-B139-6A92451EB21F}.AppStore|x86.ActiveCfg = AppStore|iPhone
		{6947A705-D0DB-4DE5-B139-6A92451EB21F}.Debug|Any CPU.ActiveCfg = Debug|iPhone
		{6947A705-D0DB-4DE5-B139-6A92451EB21F}.Debug|Any CPU.Build.0 = Debug|iPhone
		{6947A705-D0DB-4DE5-B139-6A92451EB21F}.Debug|ARM.ActiveCfg = Debug|iPhone
		{6947A705-D0DB-4DE5-B139-6A92451EB21F}.Debug|iPhone.ActiveCfg = Debug|iPhone
		{6947A705-D0DB-4DE5-B139-6A92451EB21F}.Debug|iPhone.Build.0 = Debug|iPhone
		{6947A705-D0DB-4DE5-B139-6A92451EB21F}.Debug|iPhoneSimulator.ActiveCfg = Debug|iPhoneSimulator
		{6947A705-D0DB-4DE5-B139-6A92451EB21F}.Debug|iPhoneSimulator.Build.0 = Debug|iPhoneSimulator
		{6947A705-D0DB-4DE5-B139-6A92451EB21F}.Debug|x64.ActiveCfg = Debug|iPhone
		{6947A705-D0DB-4DE5-B139-6A92451EB21F}.Debug|x86.ActiveCfg = Debug|iPhone
		{6947A705-D0DB-4DE5-B139-6A92451EB21F}.Release|Any CPU.ActiveCfg = Release|iPhone
		{6947A705-D0DB-4DE5-B139-6A92451EB21F}.Release|ARM.ActiveCfg = Release|iPhone
		{6947A705-D0DB-4DE5-B139-6A92451EB21F}.Release|iPhone.ActiveCfg = Release|iPhone
		{6947A705-D0DB-4DE5-B139-6A92451EB21F}.Release|iPhone.Build.0 = Release|iPhone
		{6947A705-D0DB-4DE5-B139-6A92451EB21F}.Release|iPhoneSimulator.ActiveCfg = Release|iPhoneSimulator
		{6947A705-D0DB-4DE5-B139-6A92451EB21F}.Release|iPhoneSimulator.Build.0 = Release|iPhoneSimulator
		{6947A705-D0DB-4DE5-B139-6A92451EB21F}.Release|x64.ActiveCfg = Release|iPhone
		{6947A705-D0DB-4DE5-B139-6A92451EB21F}.Release|x86.ActiveCfg = Release|iPhone
		{42C24D9F-ACDC-4F85-9DFD-03F6AFEA1EDC}.Ad-Hoc|Any CPU.ActiveCfg = Release|Any CPU
		{42C24D9F-ACDC-4F85-9DFD-03F6AFEA1EDC}.Ad-Hoc|Any CPU.Build.0 = Release|Any CPU
		{42C24D9F-ACDC-4F85-9DFD-03F6AFEA1EDC}.Ad-Hoc|ARM.ActiveCfg = Release|Any CPU
		{42C24D9F-ACDC-4F85-9DFD-03F6AFEA1EDC}.Ad-Hoc|ARM.Build.0 = Release|Any CPU
		{42C24D9F-ACDC-4F85-9DFD-03F6AFEA1EDC}.Ad-Hoc|iPhone.ActiveCfg = Release|Any CPU
		{42C24D9F-ACDC-4F85-9DFD-03F6AFEA1EDC}.Ad-Hoc|iPhone.Build.0 = Release|Any CPU
		{42C24D9F-ACDC-4F85-9DFD-03F6AFEA1EDC}.Ad-Hoc|iPhoneSimulator.ActiveCfg = Release|Any CPU
		{42C24D9F-ACDC-4F85-9DFD-03F6AFEA1EDC}.Ad-Hoc|iPhoneSimulator.Build.0 = Release|Any CPU
		{42C24D9F-ACDC-4F85-9DFD-03F6AFEA1EDC}.Ad-Hoc|x64.ActiveCfg = Release|Any CPU
		{42C24D9F-ACDC-4F85-9DFD-03F6AFEA1EDC}.Ad-Hoc|x64.Build.0 = Release|Any CPU
		{42C24D9F-ACDC-4F85-9DFD-03F6AFEA1EDC}.Ad-Hoc|x86.ActiveCfg = Release|Any CPU
		{42C24D9F-ACDC-4F85-9DFD-03F6AFEA1EDC}.Ad-Hoc|x86.Build.0 = Release|Any CPU
		{42C24D9F-ACDC-4F85-9DFD-03F6AFEA1EDC}.AppStore|Any CPU.ActiveCfg = Release|Any CPU
		{42C24D9F-ACDC-4F85-9DFD-03F6AFEA1EDC}.AppStore|Any CPU.Build.0 = Release|Any CPU
		{42C24D9F-ACDC-4F85-9DFD-03F6AFEA1EDC}.AppStore|ARM.ActiveCfg = Release|Any CPU
		{42C24D9F-ACDC-4F85-9DFD-03F6AFEA1EDC}.AppStore|ARM.Build.0 = Release|Any CPU
		{42C24D9F-ACDC-4F85-9DFD-03F6AFEA1EDC}.AppStore|iPhone.ActiveCfg = Release|Any CPU
		{42C24D9F-ACDC-4F85-9DFD-03F6AFEA1EDC}.AppStore|iPhone.Build.0 = Release|Any CPU
		{42C24D9F-ACDC-4F85-9DFD-03F6AFEA1EDC}.AppStore|iPhoneSimulator.ActiveCfg = Release|Any CPU
		{42C24D9F-ACDC-4F85-9DFD-03F6AFEA1EDC}.AppStore|iPhoneSimulator.Build.0 = Release|Any CPU
		{42C24D9F-ACDC-4F85-9DFD-03F6AFEA1EDC}.AppStore|x64.ActiveCfg = Release|Any CPU
		{42C24D9F-ACDC-4F85-9DFD-03F6AFEA1EDC}.AppStore|x64.Build.0 = Release|Any CPU
		{42C24D9F-ACDC-4F85-9DFD-03F6AFEA1EDC}.AppStore|x86.ActiveCfg = Release|Any CPU
		{42C24D9F-ACDC-4F85-9DFD-03F6AFEA1EDC}.AppStore|x86.Build.0 = Release|Any CPU
		{42C24D9F-ACDC-4F85-9DFD-03F6AFEA1EDC}.Debug|Any CPU.ActiveCfg = Debug|Any CPU
		{42C24D9F-ACDC-4F85-9DFD-03F6AFEA1EDC}.Debug|Any CPU.Build.0 = Debug|Any CPU
		{42C24D9F-ACDC-4F85-9DFD-03F6AFEA1EDC}.Debug|ARM.ActiveCfg = Debug|Any CPU
		{42C24D9F-ACDC-4F85-9DFD-03F6AFEA1EDC}.Debug|ARM.Build.0 = Debug|Any CPU
		{42C24D9F-ACDC-4F85-9DFD-03F6AFEA1EDC}.Debug|iPhone.ActiveCfg = Debug|Any CPU
		{42C24D9F-ACDC-4F85-9DFD-03F6AFEA1EDC}.Debug|iPhone.Build.0 = Debug|Any CPU
		{42C24D9F-ACDC-4F85-9DFD-03F6AFEA1EDC}.Debug|iPhoneSimulator.ActiveCfg = Debug|Any CPU
		{42C24D9F-ACDC-4F85-9DFD-03F6AFEA1EDC}.Debug|iPhoneSimulator.Build.0 = Debug|Any CPU
		{42C24D9F-ACDC-4F85-9DFD-03F6AFEA1EDC}.Debug|x64.ActiveCfg = Debug|Any CPU
		{42C24D9F-ACDC-4F85-9DFD-03F6AFEA1EDC}.Debug|x64.Build.0 = Debug|Any CPU
		{42C24D9F-ACDC-4F85-9DFD-03F6AFEA1EDC}.Debug|x86.ActiveCfg = Debug|Any CPU
		{42C24D9F-ACDC-4F85-9DFD-03F6AFEA1EDC}.Debug|x86.Build.0 = Debug|Any CPU
		{42C24D9F-ACDC-4F85-9DFD-03F6AFEA1EDC}.Release|Any CPU.ActiveCfg = Release|Any CPU
		{42C24D9F-ACDC-4F85-9DFD-03F6AFEA1EDC}.Release|Any CPU.Build.0 = Release|Any CPU
		{42C24D9F-ACDC-4F85-9DFD-03F6AFEA1EDC}.Release|ARM.ActiveCfg = Release|Any CPU
		{42C24D9F-ACDC-4F85-9DFD-03F6AFEA1EDC}.Release|ARM.Build.0 = Release|Any CPU
		{42C24D9F-ACDC-4F85-9DFD-03F6AFEA1EDC}.Release|iPhone.ActiveCfg = Release|Any CPU
		{42C24D9F-ACDC-4F85-9DFD-03F6AFEA1EDC}.Release|iPhone.Build.0 = Release|Any CPU
		{42C24D9F-ACDC-4F85-9DFD-03F6AFEA1EDC}.Release|iPhoneSimulator.ActiveCfg = Release|Any CPU
		{42C24D9F-ACDC-4F85-9DFD-03F6AFEA1EDC}.Release|iPhoneSimulator.Build.0 = Release|Any CPU
		{42C24D9F-ACDC-4F85-9DFD-03F6AFEA1EDC}.Release|x64.ActiveCfg = Release|Any CPU
		{42C24D9F-ACDC-4F85-9DFD-03F6AFEA1EDC}.Release|x64.Build.0 = Release|Any CPU
		{42C24D9F-ACDC-4F85-9DFD-03F6AFEA1EDC}.Release|x86.ActiveCfg = Release|Any CPU
		{42C24D9F-ACDC-4F85-9DFD-03F6AFEA1EDC}.Release|x86.Build.0 = Release|Any CPU
		{67F9D3A8-F71E-4428-913F-C37AE82CDB24}.Ad-Hoc|Any CPU.ActiveCfg = Release|Any CPU
		{67F9D3A8-F71E-4428-913F-C37AE82CDB24}.Ad-Hoc|Any CPU.Build.0 = Release|Any CPU
		{67F9D3A8-F71E-4428-913F-C37AE82CDB24}.Ad-Hoc|ARM.ActiveCfg = Release|Any CPU
		{67F9D3A8-F71E-4428-913F-C37AE82CDB24}.Ad-Hoc|ARM.Build.0 = Release|Any CPU
		{67F9D3A8-F71E-4428-913F-C37AE82CDB24}.Ad-Hoc|iPhone.ActiveCfg = Release|Any CPU
		{67F9D3A8-F71E-4428-913F-C37AE82CDB24}.Ad-Hoc|iPhone.Build.0 = Release|Any CPU
		{67F9D3A8-F71E-4428-913F-C37AE82CDB24}.Ad-Hoc|iPhoneSimulator.ActiveCfg = Release|Any CPU
		{67F9D3A8-F71E-4428-913F-C37AE82CDB24}.Ad-Hoc|iPhoneSimulator.Build.0 = Release|Any CPU
		{67F9D3A8-F71E-4428-913F-C37AE82CDB24}.Ad-Hoc|x64.ActiveCfg = Release|Any CPU
		{67F9D3A8-F71E-4428-913F-C37AE82CDB24}.Ad-Hoc|x64.Build.0 = Release|Any CPU
		{67F9D3A8-F71E-4428-913F-C37AE82CDB24}.Ad-Hoc|x86.ActiveCfg = Release|Any CPU
		{67F9D3A8-F71E-4428-913F-C37AE82CDB24}.Ad-Hoc|x86.Build.0 = Release|Any CPU
		{67F9D3A8-F71E-4428-913F-C37AE82CDB24}.AppStore|Any CPU.ActiveCfg = Release|Any CPU
		{67F9D3A8-F71E-4428-913F-C37AE82CDB24}.AppStore|Any CPU.Build.0 = Release|Any CPU
		{67F9D3A8-F71E-4428-913F-C37AE82CDB24}.AppStore|ARM.ActiveCfg = Release|Any CPU
		{67F9D3A8-F71E-4428-913F-C37AE82CDB24}.AppStore|ARM.Build.0 = Release|Any CPU
		{67F9D3A8-F71E-4428-913F-C37AE82CDB24}.AppStore|iPhone.ActiveCfg = Release|Any CPU
		{67F9D3A8-F71E-4428-913F-C37AE82CDB24}.AppStore|iPhone.Build.0 = Release|Any CPU
		{67F9D3A8-F71E-4428-913F-C37AE82CDB24}.AppStore|iPhoneSimulator.ActiveCfg = Release|Any CPU
		{67F9D3A8-F71E-4428-913F-C37AE82CDB24}.AppStore|iPhoneSimulator.Build.0 = Release|Any CPU
		{67F9D3A8-F71E-4428-913F-C37AE82CDB24}.AppStore|x64.ActiveCfg = Release|Any CPU
		{67F9D3A8-F71E-4428-913F-C37AE82CDB24}.AppStore|x64.Build.0 = Release|Any CPU
		{67F9D3A8-F71E-4428-913F-C37AE82CDB24}.AppStore|x86.ActiveCfg = Release|Any CPU
		{67F9D3A8-F71E-4428-913F-C37AE82CDB24}.AppStore|x86.Build.0 = Release|Any CPU
		{67F9D3A8-F71E-4428-913F-C37AE82CDB24}.Debug|Any CPU.ActiveCfg = Debug|Any CPU
		{67F9D3A8-F71E-4428-913F-C37AE82CDB24}.Debug|Any CPU.Build.0 = Debug|Any CPU
		{67F9D3A8-F71E-4428-913F-C37AE82CDB24}.Debug|ARM.ActiveCfg = Debug|Any CPU
		{67F9D3A8-F71E-4428-913F-C37AE82CDB24}.Debug|ARM.Build.0 = Debug|Any CPU
		{67F9D3A8-F71E-4428-913F-C37AE82CDB24}.Debug|iPhone.ActiveCfg = Debug|Any CPU
		{67F9D3A8-F71E-4428-913F-C37AE82CDB24}.Debug|iPhone.Build.0 = Debug|Any CPU
		{67F9D3A8-F71E-4428-913F-C37AE82CDB24}.Debug|iPhoneSimulator.ActiveCfg = Debug|Any CPU
		{67F9D3A8-F71E-4428-913F-C37AE82CDB24}.Debug|iPhoneSimulator.Build.0 = Debug|Any CPU
		{67F9D3A8-F71E-4428-913F-C37AE82CDB24}.Debug|x64.ActiveCfg = Debug|Any CPU
		{67F9D3A8-F71E-4428-913F-C37AE82CDB24}.Debug|x64.Build.0 = Debug|Any CPU
		{67F9D3A8-F71E-4428-913F-C37AE82CDB24}.Debug|x86.ActiveCfg = Debug|Any CPU
		{67F9D3A8-F71E-4428-913F-C37AE82CDB24}.Debug|x86.Build.0 = Debug|Any CPU
		{67F9D3A8-F71E-4428-913F-C37AE82CDB24}.Release|Any CPU.ActiveCfg = Release|Any CPU
		{67F9D3A8-F71E-4428-913F-C37AE82CDB24}.Release|Any CPU.Build.0 = Release|Any CPU
		{67F9D3A8-F71E-4428-913F-C37AE82CDB24}.Release|ARM.ActiveCfg = Release|Any CPU
		{67F9D3A8-F71E-4428-913F-C37AE82CDB24}.Release|ARM.Build.0 = Release|Any CPU
		{67F9D3A8-F71E-4428-913F-C37AE82CDB24}.Release|iPhone.ActiveCfg = Release|Any CPU
		{67F9D3A8-F71E-4428-913F-C37AE82CDB24}.Release|iPhone.Build.0 = Release|Any CPU
		{67F9D3A8-F71E-4428-913F-C37AE82CDB24}.Release|iPhoneSimulator.ActiveCfg = Release|Any CPU
		{67F9D3A8-F71E-4428-913F-C37AE82CDB24}.Release|iPhoneSimulator.Build.0 = Release|Any CPU
		{67F9D3A8-F71E-4428-913F-C37AE82CDB24}.Release|x64.ActiveCfg = Release|Any CPU
		{67F9D3A8-F71E-4428-913F-C37AE82CDB24}.Release|x64.Build.0 = Release|Any CPU
		{67F9D3A8-F71E-4428-913F-C37AE82CDB24}.Release|x86.ActiveCfg = Release|Any CPU
		{67F9D3A8-F71E-4428-913F-C37AE82CDB24}.Release|x86.Build.0 = Release|Any CPU
	EndGlobalSection
	GlobalSection(SolutionProperties) = preSolution
		HideSolutionNode = FALSE
	EndGlobalSection
	GlobalSection(TeamFoundationVersionControl) = preSolution
		SccNumberOfProjects = 6
		SccEnterpriseProvider = {4CA58AB2-18FA-4F8D-95D4-32DDF27D184C}
		SccTeamFoundationServer = http://221.120.103.67:8080/tfs/defaultcollection
		SccLocalPath0 = .
		SccProjectUniqueName1 = Pigeon\\Pigeon.Droid\\Pigeon.Droid.csproj
		SccProjectName1 = Pigeon/Pigeon.Droid
		SccLocalPath1 = Pigeon\\Pigeon.Droid
		SccProjectUniqueName2 = Pigeon\\Pigeon.iOS\\Pigeon.iOS.csproj
		SccProjectName2 = Pigeon/Pigeon.iOS
		SccLocalPath2 = Pigeon\\Pigeon.iOS
		SccProjectUniqueName3 = Pigeon\\Pigeon\\Pigeon.csproj
		SccProjectName3 = Pigeon/Pigeon
		SccLocalPath3 = Pigeon\\Pigeon
		SccProjectUniqueName4 = Pigeon.Services\\Pigeon.Services.csproj
		SccProjectName4 = Pigeon.Services
		SccLocalPath4 = Pigeon.Services
		SccProjectUniqueName5 = Pigeon.LocalDataAccess\\Pigeon.LocalDataAccess.csproj
		SccProjectName5 = Pigeon.LocalDataAccess
		SccLocalPath5 = Pigeon.LocalDataAccess
	EndGlobalSection
EndGlobal
