
Microsoft Visual Studio Solution File, Format Version 12.00
# Visual Studio 15
VisualStudioVersion = 15.0.26403.3
MinimumVisualStudioVersion = 10.0.40219.1
Project("{FAE04EC0-301F-11D3-BF4B-00C04F79EFBC}") = "MnMLilon", "MnMLilon\MnMLilon\MnMLilon.csproj", "{8A5FCC31-C5C3-4F92-8A3B-83CB3C5009DB}"
EndProject
Project("{FAE04EC0-301F-11D3-BF4B-00C04F79EFBC}") = "MnMLilon.Droid", "MnMLilon\MnMLilon.Droid\MnMLilon.Droid.csproj", "{2E33F3FE-EC25-44FC-B3BE-9F73DD8C455A}"
EndProject
Project("{FAE04EC0-301F-11D3-BF4B-00C04F79EFBC}") = "MnMLilon.iOS", "MnMLilon\MnMLilon.iOS\MnMLilon.iOS.csproj", "{68620FA9-BFB1-4A1A-8715-D5E0B8E0511E}"
EndProject
Project("{FAE04EC0-301F-11D3-BF4B-00C04F79EFBC}") = "MnMLilon.Service", "MnMLilon\MnMLilon.Service\MnMLilon.Service\MnMLilon.Service.csproj", "{9716D3DE-0453-46A5-8C1E-FC79892DE601}"
EndProject
Global
	GlobalSection(SolutionConfigurationPlatforms) = preSolution
		Ad-Hoc|Any CPU = Ad-Hoc|Any CPU
		Ad-Hoc|iPhone = Ad-Hoc|iPhone
		Ad-Hoc|iPhoneSimulator = Ad-Hoc|iPhoneSimulator
		AppStore|Any CPU = AppStore|Any CPU
		AppStore|iPhone = AppStore|iPhone
		AppStore|iPhoneSimulator = AppStore|iPhoneSimulator
		Debug|Any CPU = Debug|Any CPU
		Debug|iPhone = Debug|iPhone
		Debug|iPhoneSimulator = Debug|iPhoneSimulator
		Release|Any CPU = Release|Any CPU
		Release|iPhone = Release|iPhone
		Release|iPhoneSimulator = Release|iPhoneSimulator
	EndGlobalSection
	GlobalSection(ProjectConfigurationPlatforms) = postSolution
		{8A5FCC31-C5C3-4F92-8A3B-83CB3C5009DB}.Ad-Hoc|Any CPU.ActiveCfg = Release|Any CPU
		{8A5FCC31-C5C3-4F92-8A3B-83CB3C5009DB}.Ad-Hoc|Any CPU.Build.0 = Release|Any CPU
		{8A5FCC31-C5C3-4F92-8A3B-83CB3C5009DB}.Ad-Hoc|iPhone.ActiveCfg = Release|Any CPU
		{8A5FCC31-C5C3-4F92-8A3B-83CB3C5009DB}.Ad-Hoc|iPhone.Build.0 = Release|Any CPU
		{8A5FCC31-C5C3-4F92-8A3B-83CB3C5009DB}.Ad-Hoc|iPhoneSimulator.ActiveCfg = Release|Any CPU
		{8A5FCC31-C5C3-4F92-8A3B-83CB3C5009DB}.Ad-Hoc|iPhoneSimulator.Build.0 = Release|Any CPU
		{8A5FCC31-C5C3-4F92-8A3B-83CB3C5009DB}.AppStore|Any CPU.ActiveCfg = Release|Any CPU
		{8A5FCC31-C5C3-4F92-8A3B-83CB3C5009DB}.AppStore|Any CPU.Build.0 = Release|Any CPU
		{8A5FCC31-C5C3-4F92-8A3B-83CB3C5009DB}.AppStore|iPhone.ActiveCfg = Release|Any CPU
		{8A5FCC31-C5C3-4F92-8A3B-83CB3C5009DB}.AppStore|iPhone.Build.0 = Release|Any CPU
		{8A5FCC31-C5C3-4F92-8A3B-83CB3C5009DB}.AppStore|iPhoneSimulator.ActiveCfg = Release|Any CPU
		{8A5FCC31-C5C3-4F92-8A3B-83CB3C5009DB}.AppStore|iPhoneSimulator.Build.0 = Release|Any CPU
		{8A5FCC31-C5C3-4F92-8A3B-83CB3C5009DB}.Debug|Any CPU.ActiveCfg = Debug|Any CPU
		{8A5FCC31-C5C3-4F92-8A3B-83CB3C5009DB}.Debug|Any CPU.Build.0 = Debug|Any CPU
		{8A5FCC31-C5C3-4F92-8A3B-83CB3C5009DB}.Debug|iPhone.ActiveCfg = Debug|Any CPU
		{8A5FCC31-C5C3-4F92-8A3B-83CB3C5009DB}.Debug|iPhone.Build.0 = Debug|Any CPU
		{8A5FCC31-C5C3-4F92-8A3B-83CB3C5009DB}.Debug|iPhoneSimulator.ActiveCfg = Debug|Any CPU
		{8A5FCC31-C5C3-4F92-8A3B-83CB3C5009DB}.Debug|iPhoneSimulator.Build.0 = Debug|Any CPU
		{8A5FCC31-C5C3-4F92-8A3B-83CB3C5009DB}.Release|Any CPU.ActiveCfg = Release|Any CPU
		{8A5FCC31-C5C3-4F92-8A3B-83CB3C5009DB}.Release|Any CPU.Build.0 = Release|Any CPU
		{8A5FCC31-C5C3-4F92-8A3B-83CB3C5009DB}.Release|iPhone.ActiveCfg = Release|Any CPU
		{8A5FCC31-C5C3-4F92-8A3B-83CB3C5009DB}.Release|iPhone.Build.0 = Release|Any CPU
		{8A5FCC31-C5C3-4F92-8A3B-83CB3C5009DB}.Release|iPhoneSimulator.ActiveCfg = Release|Any CPU
		{8A5FCC31-C5C3-4F92-8A3B-83CB3C5009DB}.Release|iPhoneSimulator.Build.0 = Release|Any CPU
		{2E33F3FE-EC25-44FC-B3BE-9F73DD8C455A}.Ad-Hoc|Any CPU.ActiveCfg = Release|Any CPU
		{2E33F3FE-EC25-44FC-B3BE-9F73DD8C455A}.Ad-Hoc|Any CPU.Build.0 = Release|Any CPU
		{2E33F3FE-EC25-44FC-B3BE-9F73DD8C455A}.Ad-Hoc|Any CPU.Deploy.0 = Release|Any CPU
		{2E33F3FE-EC25-44FC-B3BE-9F73DD8C455A}.Ad-Hoc|iPhone.ActiveCfg = Release|Any CPU
		{2E33F3FE-EC25-44FC-B3BE-9F73DD8C455A}.Ad-Hoc|iPhone.Build.0 = Release|Any CPU
		{2E33F3FE-EC25-44FC-B3BE-9F73DD8C455A}.Ad-Hoc|iPhone.Deploy.0 = Release|Any CPU
		{2E33F3FE-EC25-44FC-B3BE-9F73DD8C455A}.Ad-Hoc|iPhoneSimulator.ActiveCfg = Release|Any CPU
		{2E33F3FE-EC25-44FC-B3BE-9F73DD8C455A}.Ad-Hoc|iPhoneSimulator.Build.0 = Release|Any CPU
		{2E33F3FE-EC25-44FC-B3BE-9F73DD8C455A}.Ad-Hoc|iPhoneSimulator.Deploy.0 = Release|Any CPU
		{2E33F3FE-EC25-44FC-B3BE-9F73DD8C455A}.AppStore|Any CPU.ActiveCfg = Release|Any CPU
		{2E33F3FE-EC25-44FC-B3BE-9F73DD8C455A}.AppStore|Any CPU.Build.0 = Release|Any CPU
		{2E33F3FE-EC25-44FC-B3BE-9F73DD8C455A}.AppStore|Any CPU.Deploy.0 = Release|Any CPU
		{2E33F3FE-EC25-44FC-B3BE-9F73DD8C455A}.AppStore|iPhone.ActiveCfg = Release|Any CPU
		{2E33F3FE-EC25-44FC-B3BE-9F73DD8C455A}.AppStore|iPhone.Build.0 = Release|Any CPU
		{2E33F3FE-EC25-44FC-B3BE-9F73DD8C455A}.AppStore|iPhone.Deploy.0 = Release|Any CPU
		{2E33F3FE-EC25-44FC-B3BE-9F73DD8C455A}.AppStore|iPhoneSimulator.ActiveCfg = Release|Any CPU
		{2E33F3FE-EC25-44FC-B3BE-9F73DD8C455A}.AppStore|iPhoneSimulator.Build.0 = Release|Any CPU
		{2E33F3FE-EC25-44FC-B3BE-9F73DD8C455A}.AppStore|iPhoneSimulator.Deploy.0 = Release|Any CPU
		{2E33F3FE-EC25-44FC-B3BE-9F73DD8C455A}.Debug|Any CPU.ActiveCfg = Debug|Any CPU
		{2E33F3FE-EC25-44FC-B3BE-9F73DD8C455A}.Debug|Any CPU.Build.0 = Debug|Any CPU
		{2E33F3FE-EC25-44FC-B3BE-9F73DD8C455A}.Debug|Any CPU.Deploy.0 = Debug|Any CPU
		{2E33F3FE-EC25-44FC-B3BE-9F73DD8C455A}.Debug|iPhone.ActiveCfg = Debug|Any CPU
		{2E33F3FE-EC25-44FC-B3BE-9F73DD8C455A}.Debug|iPhone.Build.0 = Debug|Any CPU
		{2E33F3FE-EC25-44FC-B3BE-9F73DD8C455A}.Debug|iPhone.Deploy.0 = Debug|Any CPU
		{2E33F3FE-EC25-44FC-B3BE-9F73DD8C455A}.Debug|iPhoneSimulator.ActiveCfg = Debug|Any CPU
		{2E33F3FE-EC25-44FC-B3BE-9F73DD8C455A}.Debug|iPhoneSimulator.Build.0 = Debug|Any CPU
		{2E33F3FE-EC25-44FC-B3BE-9F73DD8C455A}.Debug|iPhoneSimulator.Deploy.0 = Debug|Any CPU
		{2E33F3FE-EC25-44FC-B3BE-9F73DD8C455A}.Release|Any CPU.ActiveCfg = Release|Any CPU
		{2E33F3FE-EC25-44FC-B3BE-9F73DD8C455A}.Release|Any CPU.Build.0 = Release|Any CPU
		{2E33F3FE-EC25-44FC-B3BE-9F73DD8C455A}.Release|Any CPU.Deploy.0 = Release|Any CPU
		{2E33F3FE-EC25-44FC-B3BE-9F73DD8C455A}.Release|iPhone.ActiveCfg = Release|Any CPU
		{2E33F3FE-EC25-44FC-B3BE-9F73DD8C455A}.Release|iPhone.Build.0 = Release|Any CPU
		{2E33F3FE-EC25-44FC-B3BE-9F73DD8C455A}.Release|iPhone.Deploy.0 = Release|Any CPU
		{2E33F3FE-EC25-44FC-B3BE-9F73DD8C455A}.Release|iPhoneSimulator.ActiveCfg = Release|Any CPU
		{2E33F3FE-EC25-44FC-B3BE-9F73DD8C455A}.Release|iPhoneSimulator.Build.0 = Release|Any CPU
		{2E33F3FE-EC25-44FC-B3BE-9F73DD8C455A}.Release|iPhoneSimulator.Deploy.0 = Release|Any CPU
		{68620FA9-BFB1-4A1A-8715-D5E0B8E0511E}.Ad-Hoc|Any CPU.ActiveCfg = Ad-Hoc|iPhone
		{68620FA9-BFB1-4A1A-8715-D5E0B8E0511E}.Ad-Hoc|iPhone.ActiveCfg = Ad-Hoc|iPhone
		{68620FA9-BFB1-4A1A-8715-D5E0B8E0511E}.Ad-Hoc|iPhone.Build.0 = Ad-Hoc|iPhone
		{68620FA9-BFB1-4A1A-8715-D5E0B8E0511E}.Ad-Hoc|iPhoneSimulator.ActiveCfg = Ad-Hoc|iPhoneSimulator
		{68620FA9-BFB1-4A1A-8715-D5E0B8E0511E}.Ad-Hoc|iPhoneSimulator.Build.0 = Ad-Hoc|iPhoneSimulator
		{68620FA9-BFB1-4A1A-8715-D5E0B8E0511E}.AppStore|Any CPU.ActiveCfg = AppStore|iPhone
		{68620FA9-BFB1-4A1A-8715-D5E0B8E0511E}.AppStore|iPhone.ActiveCfg = AppStore|iPhone
		{68620FA9-BFB1-4A1A-8715-D5E0B8E0511E}.AppStore|iPhone.Build.0 = AppStore|iPhone
		{68620FA9-BFB1-4A1A-8715-D5E0B8E0511E}.AppStore|iPhoneSimulator.ActiveCfg = AppStore|iPhoneSimulator
		{68620FA9-BFB1-4A1A-8715-D5E0B8E0511E}.AppStore|iPhoneSimulator.Build.0 = AppStore|iPhoneSimulator
		{68620FA9-BFB1-4A1A-8715-D5E0B8E0511E}.Debug|Any CPU.ActiveCfg = Debug|iPhone
		{68620FA9-BFB1-4A1A-8715-D5E0B8E0511E}.Debug|iPhone.ActiveCfg = Debug|iPhone
		{68620FA9-BFB1-4A1A-8715-D5E0B8E0511E}.Debug|iPhone.Build.0 = Debug|iPhone
		{68620FA9-BFB1-4A1A-8715-D5E0B8E0511E}.Debug|iPhoneSimulator.ActiveCfg = Debug|iPhoneSimulator
		{68620FA9-BFB1-4A1A-8715-D5E0B8E0511E}.Debug|iPhoneSimulator.Build.0 = Debug|iPhoneSimulator
		{68620FA9-BFB1-4A1A-8715-D5E0B8E0511E}.Release|Any CPU.ActiveCfg = Release|iPhone
		{68620FA9-BFB1-4A1A-8715-D5E0B8E0511E}.Release|iPhone.ActiveCfg = Release|iPhone
		{68620FA9-BFB1-4A1A-8715-D5E0B8E0511E}.Release|iPhone.Build.0 = Release|iPhone
		{68620FA9-BFB1-4A1A-8715-D5E0B8E0511E}.Release|iPhoneSimulator.ActiveCfg = Release|iPhoneSimulator
		{68620FA9-BFB1-4A1A-8715-D5E0B8E0511E}.Release|iPhoneSimulator.Build.0 = Release|iPhoneSimulator
		{9716D3DE-0453-46A5-8C1E-FC79892DE601}.Ad-Hoc|Any CPU.ActiveCfg = Release|Any CPU
		{9716D3DE-0453-46A5-8C1E-FC79892DE601}.Ad-Hoc|Any CPU.Build.0 = Release|Any CPU
		{9716D3DE-0453-46A5-8C1E-FC79892DE601}.Ad-Hoc|iPhone.ActiveCfg = Release|Any CPU
		{9716D3DE-0453-46A5-8C1E-FC79892DE601}.Ad-Hoc|iPhone.Build.0 = Release|Any CPU
		{9716D3DE-0453-46A5-8C1E-FC79892DE601}.Ad-Hoc|iPhoneSimulator.ActiveCfg = Release|Any CPU
		{9716D3DE-0453-46A5-8C1E-FC79892DE601}.Ad-Hoc|iPhoneSimulator.Build.0 = Release|Any CPU
		{9716D3DE-0453-46A5-8C1E-FC79892DE601}.AppStore|Any CPU.ActiveCfg = Release|Any CPU
		{9716D3DE-0453-46A5-8C1E-FC79892DE601}.AppStore|Any CPU.Build.0 = Release|Any CPU
		{9716D3DE-0453-46A5-8C1E-FC79892DE601}.AppStore|iPhone.ActiveCfg = Release|Any CPU
		{9716D3DE-0453-46A5-8C1E-FC79892DE601}.AppStore|iPhone.Build.0 = Release|Any CPU
		{9716D3DE-0453-46A5-8C1E-FC79892DE601}.AppStore|iPhoneSimulator.ActiveCfg = Release|Any CPU
		{9716D3DE-0453-46A5-8C1E-FC79892DE601}.AppStore|iPhoneSimulator.Build.0 = Release|Any CPU
		{9716D3DE-0453-46A5-8C1E-FC79892DE601}.Debug|Any CPU.ActiveCfg = Debug|Any CPU
		{9716D3DE-0453-46A5-8C1E-FC79892DE601}.Debug|Any CPU.Build.0 = Debug|Any CPU
		{9716D3DE-0453-46A5-8C1E-FC79892DE601}.Debug|iPhone.ActiveCfg = Debug|Any CPU
		{9716D3DE-0453-46A5-8C1E-FC79892DE601}.Debug|iPhone.Build.0 = Debug|Any CPU
		{9716D3DE-0453-46A5-8C1E-FC79892DE601}.Debug|iPhoneSimulator.ActiveCfg = Debug|Any CPU
		{9716D3DE-0453-46A5-8C1E-FC79892DE601}.Debug|iPhoneSimulator.Build.0 = Debug|Any CPU
		{9716D3DE-0453-46A5-8C1E-FC79892DE601}.Release|Any CPU.ActiveCfg = Release|Any CPU
		{9716D3DE-0453-46A5-8C1E-FC79892DE601}.Release|Any CPU.Build.0 = Release|Any CPU
		{9716D3DE-0453-46A5-8C1E-FC79892DE601}.Release|iPhone.ActiveCfg = Release|Any CPU
		{9716D3DE-0453-46A5-8C1E-FC79892DE601}.Release|iPhone.Build.0 = Release|Any CPU
		{9716D3DE-0453-46A5-8C1E-FC79892DE601}.Release|iPhoneSimulator.ActiveCfg = Release|Any CPU
		{9716D3DE-0453-46A5-8C1E-FC79892DE601}.Release|iPhoneSimulator.Build.0 = Release|Any CPU
	EndGlobalSection
	GlobalSection(SolutionProperties) = preSolution
		HideSolutionNode = FALSE
	EndGlobalSection
	GlobalSection(TeamFoundationVersionControl) = preSolution
		SccNumberOfProjects = 5
		SccEnterpriseProvider = {4CA58AB2-18FA-4F8D-95D4-32DDF27D184C}
		SccTeamFoundationServer = http://xenon:8080/tfs/defaultcollection
		SccLocalPath0 = .
		SccProjectUniqueName1 = MnMLilon\\MnMLilon.Droid\\MnMLilon.Droid.csproj
		SccProjectName1 = MnMLilon/MnMLilon.Droid
		SccLocalPath1 = MnMLilon\\MnMLilon.Droid
		SccProjectUniqueName2 = MnMLilon\\MnMLilon.iOS\\MnMLilon.iOS.csproj
		SccProjectName2 = MnMLilon/MnMLilon.iOS
		SccLocalPath2 = MnMLilon\\MnMLilon.iOS
		SccProjectUniqueName3 = MnMLilon\\MnMLilon\\MnMLilon.csproj
		SccProjectName3 = MnMLilon/MnMLilon
		SccLocalPath3 = MnMLilon\\MnMLilon
		SccProjectUniqueName4 = MnMLilon\\MnMLilon.Service\\MnMLilon.Service\\MnMLilon.Service.csproj
		SccProjectName4 = MnMLilon/MnMLilon.Service/MnMLilon.Service
		SccLocalPath4 = MnMLilon\\MnMLilon.Service\\MnMLilon.Service
	EndGlobalSection
EndGlobal
